
Microsoft Visual Studio Solution File, Format Version 12.00
# Visual Studio Version 17
VisualStudioVersion = 17.9.34728.123
MinimumVisualStudioVersion = 10.0.40219.1
Project("{9A19103F-16F7-4668-BE54-9A1E7A4F7556}") = "TrainingCenter", "TrainingCenter\TrainingCenter.csproj", "{EC7F3F74-23DB-4B6C-BF77-36ACEBD7B257}"
EndProject
Project("{9A19103F-16F7-4668-BE54-9A1E7A4F7556}") = "TrainingCenterUI", "TrainingCenterUI\TrainingCenterUI.csproj", "{3E6A4AF6-0276-4918-AAC4-BBB70E826924}"
EndProject
Global
	GlobalSection(SolutionConfigurationPlatforms) = preSolution
		Debug|Any CPU = Debug|Any CPU
		Release|Any CPU = Release|Any CPU
	EndGlobalSection
	GlobalSection(ProjectConfigurationPlatforms) = postSolution
		{EC7F3F74-23DB-4B6C-BF77-36ACEBD7B257}.Debug|Any CPU.ActiveCfg = Debug|Any CPU
		{EC7F3F74-23DB-4B6C-BF77-36ACEBD7B257}.Debug|Any CPU.Build.0 = Debug|Any CPU
		{EC7F3F74-23DB-4B6C-BF77-36ACEBD7B257}.Release|Any CPU.ActiveCfg = Release|Any CPU
		{EC7F3F74-23DB-4B6C-BF77-36ACEBD7B257}.Release|Any CPU.Build.0 = Release|Any CPU
		{3E6A4AF6-0276-4918-AAC4-BBB70E826924}.Debug|Any CPU.ActiveCfg = Debug|Any CPU
		{3E6A4AF6-0276-4918-AAC4-BBB70E826924}.Debug|Any CPU.Build.0 = Debug|Any CPU
		{3E6A4AF6-0276-4918-AAC4-BBB70E826924}.Release|Any CPU.ActiveCfg = Release|Any CPU
		{3E6A4AF6-0276-4918-AAC4-BBB70E826924}.Release|Any CPU.Build.0 = Release|Any CPU
	EndGlobalSection
	GlobalSection(SolutionProperties) = preSolution
		HideSolutionNode = FALSE
	EndGlobalSection
	GlobalSection(ExtensibilityGlobals) = postSolution
		SolutionGuid = {73C5B0DE-78ED-4837-B1E4-D314F09D9164}
	EndGlobalSection
EndGlobal
